// !$*UTF8*$!
{
	archiveVersion = 1;
	classes = {
	};
	objectVersion = 50;
	objects = {

/* Begin PBXBuildFile section */
		C2E985D72362CBA30072B48D /* LinkedBagClient340.cpp in Sources */ = {isa = PBXBuildFile; fileRef = C2E985D62362CBA30072B48D /* LinkedBagClient340.cpp */; };
		C2E985E92362CD8F0072B48D /* LinkedBag.cpp in Sources */ = {isa = PBXBuildFile; fileRef = C2E985E72362CD8F0072B48D /* LinkedBag.cpp */; };
		C2E985EC2362CDAF0072B48D /* Node.cpp in Sources */ = {isa = PBXBuildFile; fileRef = C2E985EA2362CDAF0072B48D /* Node.cpp */; };
		C2E985EF2362CDFC0072B48D /* LinkedBag340.cpp in Sources */ = {isa = PBXBuildFile; fileRef = C2E985ED2362CDFC0072B48D /* LinkedBag340.cpp */; };
/* End PBXBuildFile section */

/* Begin PBXCopyFilesBuildPhase section */
		C2E985D12362CBA30072B48D /* CopyFiles */ = {
			isa = PBXCopyFilesBuildPhase;
			buildActionMask = 2147483647;
			dstPath = /usr/share/man/man1/;
			dstSubfolderSpec = 0;
			files = (
			);
			runOnlyForDeploymentPostprocessing = 1;
		};
/* End PBXCopyFilesBuildPhase section */

/* Begin PBXFileReference section */
		C2E985D32362CBA30072B48D /* LinkedBag */ = {isa = PBXFileReference; explicitFileType = "compiled.mach-o.executable"; includeInIndex = 0; path = LinkedBag; sourceTree = BUILT_PRODUCTS_DIR; };
		C2E985D62362CBA30072B48D /* LinkedBagClient340.cpp */ = {isa = PBXFileReference; lastKnownFileType = sourcecode.cpp.cpp; path = LinkedBagClient340.cpp; sourceTree = "<group>"; };
		C2E985E02362CC1C0072B48D /* LinkedBag.h */ = {isa = PBXFileReference; lastKnownFileType = sourcecode.c.h; path = LinkedBag.h; sourceTree = "<group>"; };
		C2E985E42362CD270072B48D /* BagInterface.h */ = {isa = PBXFileReference; lastKnownFileType = sourcecode.c.h; path = BagInterface.h; sourceTree = "<group>"; };
		C2E985E52362CD430072B48D /* Include.h */ = {isa = PBXFileReference; lastKnownFileType = sourcecode.c.h; path = Include.h; sourceTree = "<group>"; };
		C2E985E62362CD530072B48D /* Node.h */ = {isa = PBXFileReference; lastKnownFileType = sourcecode.c.h; path = Node.h; sourceTree = "<group>"; };
		C2E985E72362CD8F0072B48D /* LinkedBag.cpp */ = {isa = PBXFileReference; lastKnownFileType = sourcecode.cpp.cpp; path = LinkedBag.cpp; sourceTree = "<group>"; };
		C2E985EA2362CDAF0072B48D /* Node.cpp */ = {isa = PBXFileReference; lastKnownFileType = sourcecode.cpp.cpp; path = Node.cpp; sourceTree = "<group>"; };
		C2E985ED2362CDFC0072B48D /* LinkedBag340.cpp */ = {isa = PBXFileReference; lastKnownFileType = sourcecode.cpp.cpp; path = LinkedBag340.cpp; sourceTree = "<group>"; };
/* End PBXFileReference section */

/* Begin PBXFrameworksBuildPhase section */
		C2E985D02362CBA30072B48D /* Frameworks */ = {
			isa = PBXFrameworksBuildPhase;
			buildActionMask = 2147483647;
			files = (
			);
			runOnlyForDeploymentPostprocessing = 0;
		};
/* End PBXFrameworksBuildPhase section */

/* Begin PBXGroup section */
		C2E985CA2362CBA30072B48D = {
			isa = PBXGroup;
			children = (
				C2E985D52362CBA30072B48D /* LinkedBag */,
				C2E985D42362CBA30072B48D /* Products */,
			);
			sourceTree = "<group>";
		};
		C2E985D42362CBA30072B48D /* Products */ = {
			isa = PBXGroup;
			children = (
				C2E985D32362CBA30072B48D /* LinkedBag */,
			);
			name = Products;
			sourceTree = "<group>";
		};
		C2E985D52362CBA30072B48D /* LinkedBag */ = {
			isa = PBXGroup;
			children = (
				C2E985D62362CBA30072B48D /* LinkedBagClient340.cpp */,
				C2E985E62362CD530072B48D /* Node.h */,
				C2E985EA2362CDAF0072B48D /* Node.cpp */,
				C2E985E02362CC1C0072B48D /* LinkedBag.h */,
				C2E985E72362CD8F0072B48D /* LinkedBag.cpp */,
				C2E985E42362CD270072B48D /* BagInterface.h */,
				C2E985E52362CD430072B48D /* Include.h */,
				C2E985ED2362CDFC0072B48D /* LinkedBag340.cpp */,
			);
			path = LinkedBag;
			sourceTree = "<group>";
		};
/* End PBXGroup section */

/* Begin PBXNativeTarget section */
		C2E985D22362CBA30072B48D /* LinkedBag */ = {
			isa = PBXNativeTarget;
			buildConfigurationList = C2E985DA2362CBA30072B48D /* Build configuration list for PBXNativeTarget "LinkedBag" */;
			buildPhases = (
				C2E985CF2362CBA30072B48D /* Sources */,
				C2E985D02362CBA30072B48D /* Frameworks */,
				C2E985D12362CBA30072B48D /* CopyFiles */,
			);
			buildRules = (
			);
			dependencies = (
			);
			name = LinkedBag;
			productName = LinkedBag;
			productReference = C2E985D32362CBA30072B48D /* LinkedBag */;
			productType = "com.apple.product-type.tool";
		};
/* End PBXNativeTarget section */

/* Begin PBXProject section */
		C2E985CB2362CBA30072B48D /* Project object */ = {
			isa = PBXProject;
			attributes = {
				LastUpgradeCheck = 1030;
				ORGANIZATIONNAME = "Danish Siddiqui";
				TargetAttributes = {
					C2E985D22362CBA30072B48D = {
						CreatedOnToolsVersion = 10.3;
					};
				};
			};
			buildConfigurationList = C2E985CE2362CBA30072B48D /* Build configuration list for PBXProject "LinkedBag" */;
			compatibilityVersion = "Xcode 9.3";
			developmentRegion = en;
			hasScannedForEncodings = 0;
			knownRegions = (
				en,
			);
			mainGroup = C2E985CA2362CBA30072B48D;
			productRefGroup = C2E985D42362CBA30072B48D /* Products */;
			projectDirPath = "";
			projectRoot = "";
			targets = (
				C2E985D22362CBA30072B48D /* LinkedBag */,
			);
		};
/* End PBXProject section */

/* Begin PBXSourcesBuildPhase section */
		C2E985CF2362CBA30072B48D /* Sources */ = {
			isa = PBXSourcesBuildPhase;
			buildActionMask = 2147483647;
			files = (
				C2E985EC2362CDAF0072B48D /* Node.cpp in Sources */,
				C2E985EF2362CDFC0072B48D /* LinkedBag340.cpp in Sources */,
				C2E985D72362CBA30072B48D /* LinkedBagClient340.cpp in Sources */,
				C2E985E92362CD8F0072B48D /* LinkedBag.cpp in Sources */,
			);
			runOnlyForDeploymentPostprocessing = 0;
		};
/* End PBXSourcesBuildPhase section */

/* Begin XCBuildConfiguration section */
		C2E985D82362CBA30072B48D /* Debug */ = {
			isa = XCBuildConfiguration;
			buildSettings = {
				ALWAYS_SEARCH_USER_PATHS = NO;
				CLANG_ANALYZER_NONNULL = YES;
				CLANG_ANALYZER_NUMBER_OBJECT_CONVERSION = YES_AGGRESSIVE;
				CLANG_CXX_LANGUAGE_STANDARD = "gnu++14";
				CLANG_CXX_LIBRARY = "libc++";
				CLANG_ENABLE_MODULES = YES;
				CLANG_ENABLE_OBJC_ARC = YES;
				CLANG_ENABLE_OBJC_WEAK = YES;
				CLANG_WARN_BLOCK_CAPTURE_AUTORELEASING = YES;
				CLANG_WARN_BOOL_CONVERSION = YES;
				CLANG_WARN_COMMA = YES;
				CLANG_WARN_CONSTANT_CONVERSION = YES;
				CLANG_WARN_DEPRECATED_OBJC_IMPLEMENTATIONS = YES;
				CLANG_WARN_DIRECT_OBJC_ISA_USAGE = YES_ERROR;
				CLANG_WARN_DOCUMENTATION_COMMENTS = YES;
				CLANG_WARN_EMPTY_BODY = YES;
				CLANG_WARN_ENUM_CONVERSION = YES;
				CLANG_WARN_INFINITE_RECURSION = YES;
				CLANG_WARN_INT_CONVERSION = YES;
				CLANG_WARN_NON_LITERAL_NULL_CONVERSION = YES;
				CLANG_WARN_OBJC_IMPLICIT_RETAIN_SELF = YES;
				CLANG_WARN_OBJC_LITERAL_CONVERSION = YES;
				CLANG_WARN_OBJC_ROOT_CLASS = YES_ERROR;
				CLANG_WARN_RANGE_LOOP_ANALYSIS = YES;
				CLANG_WARN_STRICT_PROTOTYPES = YES;
				CLANG_WARN_SUSPICIOUS_MOVE = YES;
				CLANG_WARN_UNGUARDED_AVAILABILITY = YES_AGGRESSIVE;
				CLANG_WARN_UNREACHABLE_CODE = YES;
				CLANG_WARN__DUPLICATE_METHOD_MATCH = YES;
				CODE_SIGN_IDENTITY = "-";
				COPY_PHASE_STRIP = NO;
				DEBUG_INFORMATION_FORMAT = dwarf;
				ENABLE_STRICT_OBJC_MSGSEND = YES;
				ENABLE_TESTABILITY = YES;
				GCC_C_LANGUAGE_STANDARD = gnu11;
				GCC_DYNAMIC_NO_PIC = NO;
				GCC_NO_COMMON_BLOCKS = YES;
				GCC_OPTIMIZATION_LEVEL = 0;
				GCC_PREPROCESSOR_DEFINITIONS = (
					"DEBUG=1",
					"$(inherited)",
				);
				GCC_WARN_64_TO_32_BIT_CONVERSION = YES;
				GCC_WARN_ABOUT_RETURN_TYPE = YES_ERROR;
				GCC_WARN_UNDECLARED_SELECTOR = YES;
				GCC_WARN_UNINITIALIZED_AUTOS = YES_AGGRESSIVE;
				GCC_WARN_UNUSED_FUNCTION = YES;
				GCC_WARN_UNUSED_VARIABLE = YES;
				MACOSX_DEPLOYMENT_TARGET = 10.14;
				MTL_ENABLE_DEBUG_INFO = INCLUDE_SOURCE;
				MTL_FAST_MATH = YES;
				ONLY_ACTIVE_ARCH = YES;
				SDKROOT = macosx;
			};
			name = Debug;
		};
		C2E985D92362CBA30072B48D /* Release */ = {
			isa = XCBuildConfiguration;
			buildSettings = {
				ALWAYS_SEARCH_USER_PATHS = NO;
				CLANG_ANALYZER_NONNULL = YES;
				CLANG_ANALYZER_NUMBER_OBJECT_CONVERSION = YES_AGGRESSIVE;
				CLANG_CXX_LANGUAGE_STANDARD = "gnu++14";
				CLANG_CXX_LIBRARY = "libc++";
				CLANG_ENABLE_MODULES = YES;
				CLANG_ENABLE_OBJC_ARC = YES;
				CLANG_ENABLE_OBJC_WEAK = YES;
				CLANG_WARN_BLOCK_CAPTURE_AUTORELEASING = YES;
				CLANG_WARN_BOOL_CONVERSION = YES;
				CLANG_WARN_COMMA = YES;
				CLANG_WARN_CONSTANT_CONVERSION = YES;
				CLANG_WARN_DEPRECATED_OBJC_IMPLEMENTATIONS = YES;
				CLANG_WARN_DIRECT_OBJC_ISA_USAGE = YES_ERROR;
				CLANG_WARN_DOCUMENTATION_COMMENTS = YES;
				CLANG_WARN_EMPTY_BODY = YES;
				CLANG_WARN_ENUM_CONVERSION = YES;
				CLANG_WARN_INFINITE_RECURSION = YES;
				CLANG_WARN_INT_CONVERSION = YES;
				CLANG_WARN_NON_LITERAL_NULL_CONVERSION = YES;
				CLANG_WARN_OBJC_IMPLICIT_RETAIN_SELF = YES;
				CLANG_WARN_OBJC_LITERAL_CONVERSION = YES;
				CLANG_WARN_OBJC_ROOT_CLASS = YES_ERROR;
				CLANG_WARN_RANGE_LOOP_ANALYSIS = YES;
				CLANG_WARN_STRICT_PROTOTYPES = YES;
				CLANG_WARN_SUSPICIOUS_MOVE = YES;
				CLANG_WARN_UNGUARDED_AVAILABILITY = YES_AGGRESSIVE;
				CLANG_WARN_UNREACHABLE_CODE = YES;
				CLANG_WARN__DUPLICATE_METHOD_MATCH = YES;
				CODE_SIGN_IDENTITY = "-";
				COPY_PHASE_STRIP = NO;
				DEBUG_INFORMATION_FORMAT = "dwarf-with-dsym";
				ENABLE_NS_ASSERTIONS = NO;
				ENABLE_STRICT_OBJC_MSGSEND = YES;
				GCC_C_LANGUAGE_STANDARD = gnu11;
				GCC_NO_COMMON_BLOCKS = YES;
				GCC_WARN_64_TO_32_BIT_CONVERSION = YES;
				GCC_WARN_ABOUT_RETURN_TYPE = YES_ERROR;
				GCC_WARN_UNDECLARED_SELECTOR = YES;
				GCC_WARN_UNINITIALIZED_AUTOS = YES_AGGRESSIVE;
				GCC_WARN_UNUSED_FUNCTION = YES;
				GCC_WARN_UNUSED_VARIABLE = YES;
				MACOSX_DEPLOYMENT_TARGET = 10.14;
				MTL_ENABLE_DEBUG_INFO = NO;
				MTL_FAST_MATH = YES;
				SDKROOT = macosx;
			};
			name = Release;
		};
		C2E985DB2362CBA30072B48D /* Debug */ = {
			isa = XCBuildConfiguration;
			buildSettings = {
				CLANG_CXX_LANGUAGE_STANDARD = "c++17";
				CODE_SIGN_STYLE = Automatic;
				PRODUCT_NAME = "$(TARGET_NAME)";
			};
			name = Debug;
		};
		C2E985DC2362CBA30072B48D /* Release */ = {
			isa = XCBuildConfiguration;
			buildSettings = {
				CLANG_CXX_LANGUAGE_STANDARD = "c++17";
				CODE_SIGN_STYLE = Automatic;
				PRODUCT_NAME = "$(TARGET_NAME)";
			};
			name = Release;
		};
/* End XCBuildConfiguration section */

/* Begin XCConfigurationList section */
		C2E985CE2362CBA30072B48D /* Build configuration list for PBXProject "LinkedBag" */ = {
			isa = XCConfigurationList;
			buildConfigurations = (
				C2E985D82362CBA30072B48D /* Debug */,
				C2E985D92362CBA30072B48D /* Release */,
			);
			defaultConfigurationIsVisible = 0;
			defaultConfigurationName = Release;
		};
		C2E985DA2362CBA30072B48D /* Build configuration list for PBXNativeTarget "LinkedBag" */ = {
			isa = XCConfigurationList;
			buildConfigurations = (
				C2E985DB2362CBA30072B48D /* Debug */,
				C2E985DC2362CBA30072B48D /* Release */,
			);
			defaultConfigurationIsVisible = 0;
			defaultConfigurationName = Release;
		};
/* End XCConfigurationList section */
	};
	rootObject = C2E985CB2362CBA30072B48D /* Project object */;
}
